
Microsoft Visual Studio Solution File, Format Version 12.00
# Visual Studio Version 17
VisualStudioVersion = 17.4.33122.133
MinimumVisualStudioVersion = 10.0.40219.1
Project("{FAE04EC0-301F-11D3-BF4B-00C04F79EFBC}") = "HttpListenerTest", "HttpListenerTest.csproj", "{DA0FEAA5-C387-4637-91F7-6D4B22B11143}"
EndProject
Global
	GlobalSection(SolutionConfigurationPlatforms) = preSolution
		Debug|Any CPU = Debug|Any CPU
		Release|Any CPU = Release|Any CPU
	EndGlobalSection
	GlobalSection(ProjectConfigurationPlatforms) = postSolution
		{DA0FEAA5-C387-4637-91F7-6D4B22B11143}.Debug|Any CPU.ActiveCfg = Debug|Any CPU
		{DA0FEAA5-C387-4637-91F7-6D4B22B11143}.Debug|Any CPU.Build.0 = Debug|Any CPU
		{DA0FEAA5-C387-4637-91F7-6D4B22B11143}.Release|Any CPU.ActiveCfg = Release|Any CPU
		{DA0FEAA5-C387-4637-91F7-6D4B22B11143}.Release|Any CPU.Build.0 = Release|Any CPU
	EndGlobalSection
	GlobalSection(SolutionProperties) = preSolution
		HideSolutionNode = FALSE
	EndGlobalSection
	GlobalSection(ExtensibilityGlobals) = postSolution
		SolutionGuid = {C46C1A15-10C2-4795-BA67-C43EAAC11F58}
	EndGlobalSection
EndGlobal
